
Microsoft Visual Studio Solution File, Format Version 12.00
# Visual Studio Version 17
VisualStudioVersion = 17.10.35004.147
MinimumVisualStudioVersion = 10.0.40219.1
Project("{8BC9CEB8-8B4A-11D0-8D11-00A0C91BC942}") = "Sim_SquareRootProcesses_AltMethods_GPU_DP", "Sim_SquareRootProcesses_AltMethods_GPU_DP\Sim_SquareRootProcesses_AltMethods_GPU_DP.vcxproj", "{2C5CC2FD-32B3-4C7C-B09C-02AEC474607D}"
EndProject
Global
	GlobalSection(SolutionConfigurationPlatforms) = preSolution
		Debug|x64 = Debug|x64
		Release|x64 = Release|x64
	EndGlobalSection
	GlobalSection(ProjectConfigurationPlatforms) = postSolution
		{2C5CC2FD-32B3-4C7C-B09C-02AEC474607D}.Debug|x64.ActiveCfg = Debug|x64
		{2C5CC2FD-32B3-4C7C-B09C-02AEC474607D}.Debug|x64.Build.0 = Debug|x64
		{2C5CC2FD-32B3-4C7C-B09C-02AEC474607D}.Release|x64.ActiveCfg = Release|x64
		{2C5CC2FD-32B3-4C7C-B09C-02AEC474607D}.Release|x64.Build.0 = Release|x64
	EndGlobalSection
	GlobalSection(SolutionProperties) = preSolution
		HideSolutionNode = FALSE
	EndGlobalSection
	GlobalSection(ExtensibilityGlobals) = postSolution
		SolutionGuid = {8D85BEA2-898A-43EB-9707-E23971F27414}
	EndGlobalSection
EndGlobal
